
Microsoft Visual Studio Solution File, Format Version 12.00
# Visual Studio Version 16
VisualStudioVersion = 16.0.32106.194
MinimumVisualStudioVersion = 10.0.40219.1
Project("{FAE04EC0-301F-11D3-BF4B-00C04F79EFBC}") = "AvaliacaoTecnicaIEL", "AvaliacaoTecnicaIEL.csproj", "{3E7C2FD3-F70A-421A-8427-A68EB055B2DA}"
EndProject
Global
	GlobalSection(SolutionConfigurationPlatforms) = preSolution
		Debug|Any CPU = Debug|Any CPU
		Release|Any CPU = Release|Any CPU
	EndGlobalSection
	GlobalSection(ProjectConfigurationPlatforms) = postSolution
		{3E7C2FD3-F70A-421A-8427-A68EB055B2DA}.Debug|Any CPU.ActiveCfg = Debug|Any CPU
		{3E7C2FD3-F70A-421A-8427-A68EB055B2DA}.Debug|Any CPU.Build.0 = Debug|Any CPU
		{3E7C2FD3-F70A-421A-8427-A68EB055B2DA}.Release|Any CPU.ActiveCfg = Release|Any CPU
		{3E7C2FD3-F70A-421A-8427-A68EB055B2DA}.Release|Any CPU.Build.0 = Release|Any CPU
	EndGlobalSection
	GlobalSection(SolutionProperties) = preSolution
		HideSolutionNode = FALSE
	EndGlobalSection
	GlobalSection(ExtensibilityGlobals) = postSolution
		SolutionGuid = {0C3B6FA1-01BD-4B13-942A-ADA377E1873F}
	EndGlobalSection
EndGlobal
